<Solution>
  <Folder Name="/src/">
    <Project Path="src/MiTurno.Application/MiTurno.Application.csproj" />
    <Project Path="src/MiTurno.Domain/MiTurno.Domain.csproj" />
    <Project Path="src/MiTurno.Infrastructure/MiTurno.Infrastructure.csproj" />
    <Project Path="src/MiTurno.Presentation/MiTurno.Presentation.csproj" />
  </Folder>
  <Folder Name="/tests/">
    <Project Path="tests/MiTurno.Application.Tests/MiTurno.Application.Tests.csproj" />
  </Folder>
</Solution>
